{
  "name": "examples",
  "version": "1.0.0",
  "lockfileVersion": 1,
  "requires": true,
  "dependencies": {
    "rectangle": {
      "version": "0.2.0",
      "resolved": "https://registry.npmjs.org/rectangle/-/rectangle-0.2.0.tgz",
      "integrity": "sha1-yhxWknzwRaahg+zCkSYOJ6Kucbw="
    }
  }
}
